// !$*UTF8*$!
{
	archiveVersion = 1;
	classes = {
	};
	objectVersion = 50;
	objects = {

/* Begin PBXBuildFile section */
		5F01B387266F283800E24738 /* AppDelegate.swift in Sources */ = {isa = PBXBuildFile; fileRef = 5F01B386266F283800E24738 /* AppDelegate.swift */; };
		5F01B389266F283800E24738 /* SceneDelegate.swift in Sources */ = {isa = PBXBuildFile; fileRef = 5F01B388266F283800E24738 /* SceneDelegate.swift */; };
		5F01B38D266F283A00E24738 /* Assets.xcassets in Resources */ = {isa = PBXBuildFile; fileRef = 5F01B38C266F283A00E24738 /* Assets.xcassets */; };
		5F01B393266F283A00E24738 /* LaunchScreen.storyboard in Resources */ = {isa = PBXBuildFile; fileRef = 5F01B391266F283A00E24738 /* LaunchScreen.storyboard */; };
		5F4F6AA926927FAB00CDBBD9 /* LocationManager.swift in Sources */ = {isa = PBXBuildFile; fileRef = 5F4F6AA826927FAB00CDBBD9 /* LocationManager.swift */; };
		5F4F6AAC26927FC300CDBBD9 /* WeatherIcon.swift in Sources */ = {isa = PBXBuildFile; fileRef = 5F4F6AAB26927FC300CDBBD9 /* WeatherIcon.swift */; };
		5F4F6AB12692891600CDBBD9 /* Main-weather-screen.swift in Sources */ = {isa = PBXBuildFile; fileRef = 5F4F6AB02692891600CDBBD9 /* Main-weather-screen.swift */; };
		5F7C1BC0267B2ED600069127 /* WeekDay.swift in Sources */ = {isa = PBXBuildFile; fileRef = 5F7C1BBF267B2ED600069127 /* WeekDay.swift */; };
		5F7C1BC8267B4E9E00069127 /* HourlyWeather.swift in Sources */ = {isa = PBXBuildFile; fileRef = 5F7C1BC7267B4E9E00069127 /* HourlyWeather.swift */; };
		5F7C1BCB267B4ED200069127 /* Fonts in Resources */ = {isa = PBXBuildFile; fileRef = 5F7C1BCA267B4ED200069127 /* Fonts */; };
		5FB1F02A2676EF41000B8EF7 /* Weather.swift in Sources */ = {isa = PBXBuildFile; fileRef = 5FB1F0292676EF41000B8EF7 /* Weather.swift */; };
		5FB1F02E2676EF4A000B8EF7 /* DailyWeather.swift in Sources */ = {isa = PBXBuildFile; fileRef = 5FB1F02D2676EF4A000B8EF7 /* DailyWeather.swift */; };
		5FB1F0372676F478000B8EF7 /* weathermanager.swift in Sources */ = {isa = PBXBuildFile; fileRef = 5FB1F0362676F478000B8EF7 /* weathermanager.swift */; };
/* End PBXBuildFile section */

/* Begin PBXFileReference section */
		5F01B383266F283800E24738 /* dig tech FA3.app */ = {isa = PBXFileReference; explicitFileType = wrapper.application; includeInIndex = 0; path = "dig tech FA3.app"; sourceTree = BUILT_PRODUCTS_DIR; };
		5F01B386266F283800E24738 /* AppDelegate.swift */ = {isa = PBXFileReference; lastKnownFileType = sourcecode.swift; path = AppDelegate.swift; sourceTree = "<group>"; };
		5F01B388266F283800E24738 /* SceneDelegate.swift */ = {isa = PBXFileReference; lastKnownFileType = sourcecode.swift; path = SceneDelegate.swift; sourceTree = "<group>"; };
		5F01B38C266F283A00E24738 /* Assets.xcassets */ = {isa = PBXFileReference; lastKnownFileType = folder.assetcatalog; path = Assets.xcassets; sourceTree = "<group>"; };
		5F01B392266F283A00E24738 /* Base */ = {isa = PBXFileReference; lastKnownFileType = file.storyboard; name = Base; path = Base.lproj/LaunchScreen.storyboard; sourceTree = "<group>"; };
		5F01B394266F283A00E24738 /* Info.plist */ = {isa = PBXFileReference; lastKnownFileType = text.plist.xml; path = Info.plist; sourceTree = "<group>"; };
		5F4F6AA826927FAB00CDBBD9 /* LocationManager.swift */ = {isa = PBXFileReference; fileEncoding = 4; lastKnownFileType = sourcecode.swift; name = LocationManager.swift; path = ../../../../../Downloads/FA3_Weather/FA3_Weather/Models/LocationManager.swift; sourceTree = "<group>"; };
		5F4F6AAB26927FC300CDBBD9 /* WeatherIcon.swift */ = {isa = PBXFileReference; fileEncoding = 4; lastKnownFileType = sourcecode.swift; name = WeatherIcon.swift; path = ../../../../../Downloads/FA3_Weather/FA3_Weather/Models/WeatherIcon.swift; sourceTree = "<group>"; };
		5F4F6AB02692891600CDBBD9 /* Main-weather-screen.swift */ = {isa = PBXFileReference; fileEncoding = 4; lastKnownFileType = sourcecode.swift; name = "Main-weather-screen.swift"; path = "../../../../../Downloads/FA3_Weather/FA3_Weather/Views/Main-weather-screen.swift"; sourceTree = "<group>"; };
		5F7C1BBF267B2ED600069127 /* WeekDay.swift */ = {isa = PBXFileReference; lastKnownFileType = sourcecode.swift; path = WeekDay.swift; sourceTree = "<group>"; };
		5F7C1BC7267B4E9E00069127 /* HourlyWeather.swift */ = {isa = PBXFileReference; fileEncoding = 4; lastKnownFileType = sourcecode.swift; name = HourlyWeather.swift; path = ../../../FA3_Weather/FA3_Weather/Models/HourlyWeather.swift; sourceTree = "<group>"; };
		5F7C1BCA267B4ED200069127 /* Fonts */ = {isa = PBXFileReference; lastKnownFileType = folder; name = Fonts; path = ../../FA3_Weather/FA3_Weather/Fonts; sourceTree = "<group>"; };
		5FB1F0292676EF41000B8EF7 /* Weather.swift */ = {isa = PBXFileReference; lastKnownFileType = sourcecode.swift; path = Weather.swift; sourceTree = "<group>"; };
		5FB1F02D2676EF4A000B8EF7 /* DailyWeather.swift */ = {isa = PBXFileReference; lastKnownFileType = sourcecode.swift; path = DailyWeather.swift; sourceTree = "<group>"; };
		5FB1F0362676F478000B8EF7 /* weathermanager.swift */ = {isa = PBXFileReference; lastKnownFileType = sourcecode.swift; path = weathermanager.swift; sourceTree = "<group>"; };
/* End PBXFileReference section */

/* Begin PBXFrameworksBuildPhase section */
		5F01B380266F283800E24738 /* Frameworks */ = {
			isa = PBXFrameworksBuildPhase;
			buildActionMask = 2147483647;
			files = (
			);
			runOnlyForDeploymentPostprocessing = 0;
		};
/* End PBXFrameworksBuildPhase section */

/* Begin PBXGroup section */
		5F01B37A266F283800E24738 = {
			isa = PBXGroup;
			children = (
				5F01B385266F283800E24738 /* dig tech FA3 */,
				5F01B384266F283800E24738 /* Products */,
			);
			sourceTree = "<group>";
		};
		5F01B384266F283800E24738 /* Products */ = {
			isa = PBXGroup;
			children = (
				5F01B383266F283800E24738 /* dig tech FA3.app */,
			);
			name = Products;
			sourceTree = "<group>";
		};
		5F01B385266F283800E24738 /* dig tech FA3 */ = {
			isa = PBXGroup;
			children = (
				5F01B386266F283800E24738 /* AppDelegate.swift */,
				5F01B388266F283800E24738 /* SceneDelegate.swift */,
				5FE9B60B267974540005BC2A /* Views */,
				5FB1F0282676EE8C000B8EF7 /* Models */,
				5F01B38C266F283A00E24738 /* Assets.xcassets */,
				5F7C1BCA267B4ED200069127 /* Fonts */,
				5F01B391266F283A00E24738 /* LaunchScreen.storyboard */,
				5F01B394266F283A00E24738 /* Info.plist */,
			);
			path = "dig tech FA3";
			sourceTree = "<group>";
		};
		5FB1F0282676EE8C000B8EF7 /* Models */ = {
			isa = PBXGroup;
			children = (
				5FB1F0292676EF41000B8EF7 /* Weather.swift */,
				5FB1F02D2676EF4A000B8EF7 /* DailyWeather.swift */,
				5F7C1BC7267B4E9E00069127 /* HourlyWeather.swift */,
				5FB1F0362676F478000B8EF7 /* weathermanager.swift */,
				5F4F6AA826927FAB00CDBBD9 /* LocationManager.swift */,
				5F7C1BBF267B2ED600069127 /* WeekDay.swift */,
				5F4F6AAB26927FC300CDBBD9 /* WeatherIcon.swift */,
			);
			path = Models;
			sourceTree = "<group>";
		};
		5FE9B60B267974540005BC2A /* Views */ = {
			isa = PBXGroup;
			children = (
				5F4F6AB02692891600CDBBD9 /* Main-weather-screen.swift */,
			);
			path = Views;
			sourceTree = "<group>";
		};
/* End PBXGroup section */

/* Begin PBXNativeTarget section */
		5F01B382266F283800E24738 /* dig tech FA3 */ = {
			isa = PBXNativeTarget;
			buildConfigurationList = 5F01B397266F283A00E24738 /* Build configuration list for PBXNativeTarget "dig tech FA3" */;
			buildPhases = (
				5F01B37F266F283800E24738 /* Sources */,
				5F01B380266F283800E24738 /* Frameworks */,
				5F01B381266F283800E24738 /* Resources */,
			);
			buildRules = (
			);
			dependencies = (
			);
			name = "dig tech FA3";
			productName = "dig tech FA3";
			productReference = 5F01B383266F283800E24738 /* dig tech FA3.app */;
			productType = "com.apple.product-type.application";
		};
/* End PBXNativeTarget section */

/* Begin PBXProject section */
		5F01B37B266F283800E24738 /* Project object */ = {
			isa = PBXProject;
			attributes = {
				LastSwiftUpdateCheck = 1240;
				LastUpgradeCheck = 1240;
				TargetAttributes = {
					5F01B382266F283800E24738 = {
						CreatedOnToolsVersion = 12.4;
					};
				};
			};
			buildConfigurationList = 5F01B37E266F283800E24738 /* Build configuration list for PBXProject "dig tech FA3" */;
			compatibilityVersion = "Xcode 9.3";
			developmentRegion = en;
			hasScannedForEncodings = 0;
			knownRegions = (
				en,
				Base,
			);
			mainGroup = 5F01B37A266F283800E24738;
			productRefGroup = 5F01B384266F283800E24738 /* Products */;
			projectDirPath = "";
			projectRoot = "";
			targets = (
				5F01B382266F283800E24738 /* dig tech FA3 */,
			);
		};
/* End PBXProject section */

/* Begin PBXResourcesBuildPhase section */
		5F01B381266F283800E24738 /* Resources */ = {
			isa = PBXResourcesBuildPhase;
			buildActionMask = 2147483647;
			files = (
				5F01B393266F283A00E24738 /* LaunchScreen.storyboard in Resources */,
				5F01B38D266F283A00E24738 /* Assets.xcassets in Resources */,
				5F7C1BCB267B4ED200069127 /* Fonts in Resources */,
			);
			runOnlyForDeploymentPostprocessing = 0;
		};
/* End PBXResourcesBuildPhase section */

/* Begin PBXSourcesBuildPhase section */
		5F01B37F266F283800E24738 /* Sources */ = {
			isa = PBXSourcesBuildPhase;
			buildActionMask = 2147483647;
			files = (
				5F7C1BC0267B2ED600069127 /* WeekDay.swift in Sources */,
				5F4F6AAC26927FC300CDBBD9 /* WeatherIcon.swift in Sources */,
				5FB1F02E2676EF4A000B8EF7 /* DailyWeather.swift in Sources */,
				5F4F6AB12692891600CDBBD9 /* Main-weather-screen.swift in Sources */,
				5F7C1BC8267B4E9E00069127 /* HourlyWeather.swift in Sources */,
				5FB1F02A2676EF41000B8EF7 /* Weather.swift in Sources */,
				5FB1F0372676F478000B8EF7 /* weathermanager.swift in Sources */,
				5F01B387266F283800E24738 /* AppDelegate.swift in Sources */,
				5F01B389266F283800E24738 /* SceneDelegate.swift in Sources */,
				5F4F6AA926927FAB00CDBBD9 /* LocationManager.swift in Sources */,
			);
			runOnlyForDeploymentPostprocessing = 0;
		};
/* End PBXSourcesBuildPhase section */

/* Begin PBXVariantGroup section */
		5F01B391266F283A00E24738 /* LaunchScreen.storyboard */ = {
			isa = PBXVariantGroup;
			children = (
				5F01B392266F283A00E24738 /* Base */,
			);
			name = LaunchScreen.storyboard;
			sourceTree = "<group>";
		};
/* End PBXVariantGroup section */

/* Begin XCBuildConfiguration section */
		5F01B395266F283A00E24738 /* Debug */ = {
			isa = XCBuildConfiguration;
			buildSettings = {
				ALWAYS_SEARCH_USER_PATHS = NO;
				CLANG_ANALYZER_NONNULL = YES;
				CLANG_ANALYZER_NUMBER_OBJECT_CONVERSION = YES_AGGRESSIVE;
				CLANG_CXX_LANGUAGE_STANDARD = "gnu++14";
				CLANG_CXX_LIBRARY = "libc++";
				CLANG_ENABLE_MODULES = YES;
				CLANG_ENABLE_OBJC_ARC = YES;
				CLANG_ENABLE_OBJC_WEAK = YES;
				CLANG_WARN_BLOCK_CAPTURE_AUTORELEASING = YES;
				CLANG_WARN_BOOL_CONVERSION = YES;
				CLANG_WARN_COMMA = YES;
				CLANG_WARN_CONSTANT_CONVERSION = YES;
				CLANG_WARN_DEPRECATED_OBJC_IMPLEMENTATIONS = YES;
				CLANG_WARN_DIRECT_OBJC_ISA_USAGE = YES_ERROR;
				CLANG_WARN_DOCUMENTATION_COMMENTS = YES;
				CLANG_WARN_EMPTY_BODY = YES;
				CLANG_WARN_ENUM_CONVERSION = YES;
				CLANG_WARN_INFINITE_RECURSION = YES;
				CLANG_WARN_INT_CONVERSION = YES;
				CLANG_WARN_NON_LITERAL_NULL_CONVERSION = YES;
				CLANG_WARN_OBJC_IMPLICIT_RETAIN_SELF = YES;
				CLANG_WARN_OBJC_LITERAL_CONVERSION = YES;
				CLANG_WARN_OBJC_ROOT_CLASS = YES_ERROR;
				CLANG_WARN_QUOTED_INCLUDE_IN_FRAMEWORK_HEADER = YES;
				CLANG_WARN_RANGE_LOOP_ANALYSIS = YES;
				CLANG_WARN_STRICT_PROTOTYPES = YES;
				CLANG_WARN_SUSPICIOUS_MOVE = YES;
				CLANG_WARN_UNGUARDED_AVAILABILITY = YES_AGGRESSIVE;
				CLANG_WARN_UNREACHABLE_CODE = YES;
				CLANG_WARN__DUPLICATE_METHOD_MATCH = YES;
				COPY_PHASE_STRIP = NO;
				DEBUG_INFORMATION_FORMAT = dwarf;
				ENABLE_STRICT_OBJC_MSGSEND = YES;
				ENABLE_TESTABILITY = YES;
				GCC_C_LANGUAGE_STANDARD = gnu11;
				GCC_DYNAMIC_NO_PIC = NO;
				GCC_NO_COMMON_BLOCKS = YES;
				GCC_OPTIMIZATION_LEVEL = 0;
				GCC_PREPROCESSOR_DEFINITIONS = (
					"DEBUG=1",
					"$(inherited)",
				);
				GCC_WARN_64_TO_32_BIT_CONVERSION = YES;
				GCC_WARN_ABOUT_RETURN_TYPE = YES_ERROR;
				GCC_WARN_UNDECLARED_SELECTOR = YES;
				GCC_WARN_UNINITIALIZED_AUTOS = YES_AGGRESSIVE;
				GCC_WARN_UNUSED_FUNCTION = YES;
				GCC_WARN_UNUSED_VARIABLE = YES;
				IPHONEOS_DEPLOYMENT_TARGET = 14.4;
				MTL_ENABLE_DEBUG_INFO = INCLUDE_SOURCE;
				MTL_FAST_MATH = YES;
				ONLY_ACTIVE_ARCH = YES;
				SDKROOT = iphoneos;
				SWIFT_ACTIVE_COMPILATION_CONDITIONS = DEBUG;
				SWIFT_OPTIMIZATION_LEVEL = "-Onone";
			};
			name = Debug;
		};
		5F01B396266F283A00E24738 /* Release */ = {
			isa = XCBuildConfiguration;
			buildSettings = {
				ALWAYS_SEARCH_USER_PATHS = NO;
				CLANG_ANALYZER_NONNULL = YES;
				CLANG_ANALYZER_NUMBER_OBJECT_CONVERSION = YES_AGGRESSIVE;
				CLANG_CXX_LANGUAGE_STANDARD = "gnu++14";
				CLANG_CXX_LIBRARY = "libc++";
				CLANG_ENABLE_MODULES = YES;
				CLANG_ENABLE_OBJC_ARC = YES;
				CLANG_ENABLE_OBJC_WEAK = YES;
				CLANG_WARN_BLOCK_CAPTURE_AUTORELEASING = YES;
				CLANG_WARN_BOOL_CONVERSION = YES;
				CLANG_WARN_COMMA = YES;
				CLANG_WARN_CONSTANT_CONVERSION = YES;
				CLANG_WARN_DEPRECATED_OBJC_IMPLEMENTATIONS = YES;
				CLANG_WARN_DIRECT_OBJC_ISA_USAGE = YES_ERROR;
				CLANG_WARN_DOCUMENTATION_COMMENTS = YES;
				CLANG_WARN_EMPTY_BODY = YES;
				CLANG_WARN_ENUM_CONVERSION = YES;
				CLANG_WARN_INFINITE_RECURSION = YES;
				CLANG_WARN_INT_CONVERSION = YES;
				CLANG_WARN_NON_LITERAL_NULL_CONVERSION = YES;
				CLANG_WARN_OBJC_IMPLICIT_RETAIN_SELF = YES;
				CLANG_WARN_OBJC_LITERAL_CONVERSION = YES;
				CLANG_WARN_OBJC_ROOT_CLASS = YES_ERROR;
				CLANG_WARN_QUOTED_INCLUDE_IN_FRAMEWORK_HEADER = YES;
				CLANG_WARN_RANGE_LOOP_ANALYSIS = YES;
				CLANG_WARN_STRICT_PROTOTYPES = YES;
				CLANG_WARN_SUSPICIOUS_MOVE = YES;
				CLANG_WARN_UNGUARDED_AVAILABILITY = YES_AGGRESSIVE;
				CLANG_WARN_UNREACHABLE_CODE = YES;
				CLANG_WARN__DUPLICATE_METHOD_MATCH = YES;
				COPY_PHASE_STRIP = NO;
				DEBUG_INFORMATION_FORMAT = "dwarf-with-dsym";
				ENABLE_NS_ASSERTIONS = NO;
				ENABLE_STRICT_OBJC_MSGSEND = YES;
				GCC_C_LANGUAGE_STANDARD = gnu11;
				GCC_NO_COMMON_BLOCKS = YES;
				GCC_WARN_64_TO_32_BIT_CONVERSION = YES;
				GCC_WARN_ABOUT_RETURN_TYPE = YES_ERROR;
				GCC_WARN_UNDECLARED_SELECTOR = YES;
				GCC_WARN_UNINITIALIZED_AUTOS = YES_AGGRESSIVE;
				GCC_WARN_UNUSED_FUNCTION = YES;
				GCC_WARN_UNUSED_VARIABLE = YES;
				IPHONEOS_DEPLOYMENT_TARGET = 14.4;
				MTL_ENABLE_DEBUG_INFO = NO;
				MTL_FAST_MATH = YES;
				SDKROOT = iphoneos;
				SWIFT_COMPILATION_MODE = wholemodule;
				SWIFT_OPTIMIZATION_LEVEL = "-O";
				VALIDATE_PRODUCT = YES;
			};
			name = Release;
		};
		5F01B398266F283A00E24738 /* Debug */ = {
			isa = XCBuildConfiguration;
			buildSettings = {
				ASSETCATALOG_COMPILER_APPICON_NAME = AppIcon;
				ASSETCATALOG_COMPILER_GLOBAL_ACCENT_COLOR_NAME = AccentColor;
				CODE_SIGN_STYLE = Automatic;
				DEVELOPMENT_ASSET_PATHS = "";
				ENABLE_PREVIEWS = YES;
				INFOPLIST_FILE = "dig tech FA3/Info.plist";
				LD_RUNPATH_SEARCH_PATHS = (
					"$(inherited)",
					"@executable_path/Frameworks",
				);
				PRODUCT_BUNDLE_IDENTIFIER = "Jodieharuka.dig-tech-FA3";
				PRODUCT_NAME = "$(TARGET_NAME)";
				SWIFT_VERSION = 5.0;
				TARGETED_DEVICE_FAMILY = "1,2";
			};
			name = Debug;
		};
		5F01B399266F283A00E24738 /* Release */ = {
			isa = XCBuildConfiguration;
			buildSettings = {
				ASSETCATALOG_COMPILER_APPICON_NAME = AppIcon;
				ASSETCATALOG_COMPILER_GLOBAL_ACCENT_COLOR_NAME = AccentColor;
				CODE_SIGN_STYLE = Automatic;
				DEVELOPMENT_ASSET_PATHS = "";
				ENABLE_PREVIEWS = YES;
				INFOPLIST_FILE = "dig tech FA3/Info.plist";
				LD_RUNPATH_SEARCH_PATHS = (
					"$(inherited)",
					"@executable_path/Frameworks",
				);
				PRODUCT_BUNDLE_IDENTIFIER = "Jodieharuka.dig-tech-FA3";
				PRODUCT_NAME = "$(TARGET_NAME)";
				SWIFT_VERSION = 5.0;
				TARGETED_DEVICE_FAMILY = "1,2";
			};
			name = Release;
		};
/* End XCBuildConfiguration section */

/* Begin XCConfigurationList section */
		5F01B37E266F283800E24738 /* Build configuration list for PBXProject "dig tech FA3" */ = {
			isa = XCConfigurationList;
			buildConfigurations = (
				5F01B395266F283A00E24738 /* Debug */,
				5F01B396266F283A00E24738 /* Release */,
			);
			defaultConfigurationIsVisible = 0;
			defaultConfigurationName = Release;
		};
		5F01B397266F283A00E24738 /* Build configuration list for PBXNativeTarget "dig tech FA3" */ = {
			isa = XCConfigurationList;
			buildConfigurations = (
				5F01B398266F283A00E24738 /* Debug */,
				5F01B399266F283A00E24738 /* Release */,
			);
			defaultConfigurationIsVisible = 0;
			defaultConfigurationName = Release;
		};
/* End XCConfigurationList section */
	};
	rootObject = 5F01B37B266F283800E24738 /* Project object */;
}
